
Microsoft Visual Studio Solution File, Format Version 12.00
# Visual Studio Version 16
VisualStudioVersion = 16.0.809.4
MinimumVisualStudioVersion = 10.0.40219.1
Project("{9A19103F-16F7-4668-BE54-9A1E7A4F7556}") = "Kocdigital.Producer", "Kocdigital.Producer\Kocdigital.Producer.csproj", "{0102C27A-9EA4-4CBC-B3C4-D733C2662F36}"
EndProject
Project("{9A19103F-16F7-4668-BE54-9A1E7A4F7556}") = "Kocdigital.Core", "Kocdigital.Core\Kocdigital.Core.csproj", "{40D38B46-E172-4C56-B1AD-6240CB7904BD}"
EndProject
Project("{2150E333-8FDC-42A3-9474-1A3956D46DE8}") = "Solution Items", "Solution Items", "{237F7CB2-B8D7-43AB-BBE5-59FE931AE037}"
	ProjectSection(SolutionItems) = preProject
		docker-compose.yml = docker-compose.yml
	EndProjectSection
EndProject
Global
	GlobalSection(SolutionConfigurationPlatforms) = preSolution
		Debug|Any CPU = Debug|Any CPU
		Release|Any CPU = Release|Any CPU
	EndGlobalSection
	GlobalSection(ProjectConfigurationPlatforms) = postSolution
		{0102C27A-9EA4-4CBC-B3C4-D733C2662F36}.Debug|Any CPU.ActiveCfg = Debug|Any CPU
		{0102C27A-9EA4-4CBC-B3C4-D733C2662F36}.Debug|Any CPU.Build.0 = Debug|Any CPU
		{0102C27A-9EA4-4CBC-B3C4-D733C2662F36}.Release|Any CPU.ActiveCfg = Release|Any CPU
		{0102C27A-9EA4-4CBC-B3C4-D733C2662F36}.Release|Any CPU.Build.0 = Release|Any CPU
		{40D38B46-E172-4C56-B1AD-6240CB7904BD}.Debug|Any CPU.ActiveCfg = Debug|Any CPU
		{40D38B46-E172-4C56-B1AD-6240CB7904BD}.Debug|Any CPU.Build.0 = Debug|Any CPU
		{40D38B46-E172-4C56-B1AD-6240CB7904BD}.Release|Any CPU.ActiveCfg = Release|Any CPU
		{40D38B46-E172-4C56-B1AD-6240CB7904BD}.Release|Any CPU.Build.0 = Release|Any CPU
	EndGlobalSection
	GlobalSection(SolutionProperties) = preSolution
		HideSolutionNode = FALSE
	EndGlobalSection
	GlobalSection(ExtensibilityGlobals) = postSolution
		SolutionGuid = {8B1549DB-A9D5-485E-941E-4331A4D66291}
	EndGlobalSection
EndGlobal
